
Microsoft Visual Studio Solution File, Format Version 12.00
# Visual Studio 2012
Project("{2150E333-8FDC-42A3-9474-1A3956D46DE8}") = "src", "src", "{55053397-8583-4418-A0A2-1459C4AE961C}"
EndProject
Project("{FAE04EC0-301F-11D3-BF4B-00C04F79EFBC}") = "WhereInTheWorldServer", "src\WhereInTheWorldServer\WhereInTheWorldServer.csproj", "{1A95C359-D9FB-41DC-B875-FC2D920E5979}"
EndProject
Global
	GlobalSection(SolutionConfigurationPlatforms) = preSolution
	EndGlobalSection
	GlobalSection(ProjectConfigurationPlatforms) = postSolution
	EndGlobalSection
	GlobalSection(NestedProjects) = preSolution
		{1A95C359-D9FB-41DC-B875-FC2D920E5979} = {55053397-8583-4418-A0A2-1459C4AE961C}
	EndGlobalSection
EndGlobal
